
Microsoft Visual Studio Solution File, Format Version 12.00
# Visual Studio 15
VisualStudioVersion = 15.0.33026.149
MinimumVisualStudioVersion = 10.0.40219.1
Project("{FAE04EC0-301F-11D3-BF4B-00C04F79EFBC}") = "RegisterGridview", "RegisterGridview\RegisterGridview.csproj", "{A9DAB70C-9EA4-4BC6-96CC-AD070EF75BCD}"
EndProject
Global
	GlobalSection(SolutionConfigurationPlatforms) = preSolution
		Debug|Any CPU = Debug|Any CPU
		Release|Any CPU = Release|Any CPU
	EndGlobalSection
	GlobalSection(ProjectConfigurationPlatforms) = postSolution
		{A9DAB70C-9EA4-4BC6-96CC-AD070EF75BCD}.Debug|Any CPU.ActiveCfg = Debug|Any CPU
		{A9DAB70C-9EA4-4BC6-96CC-AD070EF75BCD}.Debug|Any CPU.Build.0 = Debug|Any CPU
		{A9DAB70C-9EA4-4BC6-96CC-AD070EF75BCD}.Release|Any CPU.ActiveCfg = Release|Any CPU
		{A9DAB70C-9EA4-4BC6-96CC-AD070EF75BCD}.Release|Any CPU.Build.0 = Release|Any CPU
	EndGlobalSection
	GlobalSection(SolutionProperties) = preSolution
		HideSolutionNode = FALSE
	EndGlobalSection
	GlobalSection(ExtensibilityGlobals) = postSolution
		SolutionGuid = {E7F4294B-81DD-4432-A6EB-B06BEC6D82F9}
	EndGlobalSection
EndGlobal
